
Microsoft Visual Studio Solution File, Format Version 12.00
# Visual Studio Version 16
VisualStudioVersion = 16.0.29201.188
MinimumVisualStudioVersion = 10.0.40219.1
Project("{E24C65DC-7377-472B-9ABA-BC803B73C61A}") = "IgbFunOnCloud.Web", "IgbFunOnCloud.Web\", "{1820DE76-A8C2-4CD0-88AD-37FE818FC44E}"
	ProjectSection(WebsiteProperties) = preProject
		TargetFrameworkMoniker = ".NETFramework,Version%3Dv4.7.2"
		Debug.AspNetCompiler.VirtualPath = "/localhost_1694"
		Debug.AspNetCompiler.PhysicalPath = "IgbFunOnCloud.Web\"
		Debug.AspNetCompiler.TargetPath = "PrecompiledWeb\localhost_1694\"
		Debug.AspNetCompiler.Updateable = "true"
		Debug.AspNetCompiler.ForceOverwrite = "true"
		Debug.AspNetCompiler.FixedNames = "false"
		Debug.AspNetCompiler.Debug = "True"
		Release.AspNetCompiler.VirtualPath = "/localhost_1694"
		Release.AspNetCompiler.PhysicalPath = "IgbFunOnCloud.Web\"
		Release.AspNetCompiler.TargetPath = "PrecompiledWeb\localhost_1694\"
		Release.AspNetCompiler.Updateable = "true"
		Release.AspNetCompiler.ForceOverwrite = "true"
		Release.AspNetCompiler.FixedNames = "false"
		Release.AspNetCompiler.Debug = "False"
		VWDPort = "1694"
		SlnRelativePath = "IgbFunOnCloud.Web\"
		DefaultWebSiteLanguage = "Visual C#"
	EndProjectSection
	ProjectSection(ProjectDependencies) = postProject
		{9FA6154A-01D6-49E1-895E-D8DD845108B2} = {9FA6154A-01D6-49E1-895E-D8DD845108B2}
	EndProjectSection
EndProject
Project("{9A19103F-16F7-4668-BE54-9A1E7A4F7556}") = "IgbFunOnCloud.Core", "IgbFunOnCloud.Core\IgbFunOnCloud.Core.csproj", "{9FA6154A-01D6-49E1-895E-D8DD845108B2}"
EndProject
Global
	GlobalSection(SolutionConfigurationPlatforms) = preSolution
		Debug|Any CPU = Debug|Any CPU
		Release|Any CPU = Release|Any CPU
	EndGlobalSection
	GlobalSection(ProjectConfigurationPlatforms) = postSolution
		{1820DE76-A8C2-4CD0-88AD-37FE818FC44E}.Debug|Any CPU.ActiveCfg = Debug|Any CPU
		{1820DE76-A8C2-4CD0-88AD-37FE818FC44E}.Release|Any CPU.ActiveCfg = Debug|Any CPU
		{9FA6154A-01D6-49E1-895E-D8DD845108B2}.Debug|Any CPU.ActiveCfg = Debug|Any CPU
		{9FA6154A-01D6-49E1-895E-D8DD845108B2}.Debug|Any CPU.Build.0 = Debug|Any CPU
		{9FA6154A-01D6-49E1-895E-D8DD845108B2}.Release|Any CPU.ActiveCfg = Release|Any CPU
		{9FA6154A-01D6-49E1-895E-D8DD845108B2}.Release|Any CPU.Build.0 = Release|Any CPU
	EndGlobalSection
	GlobalSection(SolutionProperties) = preSolution
		HideSolutionNode = FALSE
	EndGlobalSection
	GlobalSection(ExtensibilityGlobals) = postSolution
		SolutionGuid = {B3DEDE18-F952-4768-A6E7-92CCF3F63DF1}
	EndGlobalSection
EndGlobal
